
Microsoft Visual Studio Solution File, Format Version 12.00
# Visual Studio Version 16
VisualStudioVersion = 16.0.30907.101
MinimumVisualStudioVersion = 10.0.40219.1
Project("{8BC9CEB8-8B4A-11D0-8D11-00A0C91BC942}") = "SlimesGame", "SlimesGame\SlimesGame.vcxproj", "{9A935CBE-BF84-4750-8A66-9FCFA1392527}"
EndProject
Global
	GlobalSection(SolutionConfigurationPlatforms) = preSolution
		Debug|x64 = Debug|x64
		Debug|x86 = Debug|x86
		Release|x64 = Release|x64
		Release|x86 = Release|x86
	EndGlobalSection
	GlobalSection(ProjectConfigurationPlatforms) = postSolution
		{9A935CBE-BF84-4750-8A66-9FCFA1392527}.Debug|x64.ActiveCfg = Debug|x64
		{9A935CBE-BF84-4750-8A66-9FCFA1392527}.Debug|x64.Build.0 = Debug|x64
		{9A935CBE-BF84-4750-8A66-9FCFA1392527}.Debug|x86.ActiveCfg = Debug|Win32
		{9A935CBE-BF84-4750-8A66-9FCFA1392527}.Debug|x86.Build.0 = Debug|Win32
		{9A935CBE-BF84-4750-8A66-9FCFA1392527}.Release|x64.ActiveCfg = Release|x64
		{9A935CBE-BF84-4750-8A66-9FCFA1392527}.Release|x64.Build.0 = Release|x64
		{9A935CBE-BF84-4750-8A66-9FCFA1392527}.Release|x86.ActiveCfg = Release|Win32
		{9A935CBE-BF84-4750-8A66-9FCFA1392527}.Release|x86.Build.0 = Release|Win32
	EndGlobalSection
	GlobalSection(SolutionProperties) = preSolution
		HideSolutionNode = FALSE
	EndGlobalSection
	GlobalSection(ExtensibilityGlobals) = postSolution
		SolutionGuid = {4F5A4591-DBDF-4E88-8171-C178D847ACA6}
	EndGlobalSection
EndGlobal
